
Microsoft Visual Studio Solution File, Format Version 11.00
# Visual Studio 2010
Project("{FAE04EC0-301F-11D3-BF4B-00C04F79EFBC}") = "MessageBoxSample", "MessageBoxSample\MessageBoxSample.csproj", "{4F311F0E-56B8-48B1-9F43-9EE2360858A8}"
EndProject
Global
	GlobalSection(SolutionConfigurationPlatforms) = preSolution
		Debug|Any CPU = Debug|Any CPU
		Release|Any CPU = Release|Any CPU
	EndGlobalSection
	GlobalSection(ProjectConfigurationPlatforms) = postSolution
		{4F311F0E-56B8-48B1-9F43-9EE2360858A8}.Debug|Any CPU.ActiveCfg = Debug|Any CPU
		{4F311F0E-56B8-48B1-9F43-9EE2360858A8}.Debug|Any CPU.Build.0 = Debug|Any CPU
		{4F311F0E-56B8-48B1-9F43-9EE2360858A8}.Release|Any CPU.ActiveCfg = Release|Any CPU
		{4F311F0E-56B8-48B1-9F43-9EE2360858A8}.Release|Any CPU.Build.0 = Release|Any CPU
	EndGlobalSection
	GlobalSection(MonoDevelopProperties) = preSolution
		StartupItem = MessageBoxSample\MessageBoxSample.csproj
	EndGlobalSection
EndGlobal
